
Microsoft Visual Studio Solution File, Format Version 12.00
# Visual Studio 15
VisualStudioVersion = 15.0.28010.2046
MinimumVisualStudioVersion = 10.0.40219.1
Project("{FAE04EC0-301F-11D3-BF4B-00C04F79EFBC}") = "MyClassLib", "MyClassLib\MyClassLib.csproj", "{270DC99F-0C95-437D-A4B7-D1B34AC9D83E}"
EndProject
Global
	GlobalSection(SolutionConfigurationPlatforms) = preSolution
		Debug|Any CPU = Debug|Any CPU
		Debug|ARM = Debug|ARM
		Debug|x64 = Debug|x64
		Debug|x86 = Debug|x86
		Release|Any CPU = Release|Any CPU
		Release|ARM = Release|ARM
		Release|x64 = Release|x64
		Release|x86 = Release|x86
	EndGlobalSection
	GlobalSection(ProjectConfigurationPlatforms) = postSolution
		{270DC99F-0C95-437D-A4B7-D1B34AC9D83E}.Debug|Any CPU.ActiveCfg = Debug|Any CPU
		{270DC99F-0C95-437D-A4B7-D1B34AC9D83E}.Debug|Any CPU.Build.0 = Debug|Any CPU
		{270DC99F-0C95-437D-A4B7-D1B34AC9D83E}.Debug|ARM.ActiveCfg = Debug|ARM
		{270DC99F-0C95-437D-A4B7-D1B34AC9D83E}.Debug|ARM.Build.0 = Debug|ARM
		{270DC99F-0C95-437D-A4B7-D1B34AC9D83E}.Debug|x64.ActiveCfg = Debug|x64
		{270DC99F-0C95-437D-A4B7-D1B34AC9D83E}.Debug|x64.Build.0 = Debug|x64
		{270DC99F-0C95-437D-A4B7-D1B34AC9D83E}.Debug|x86.ActiveCfg = Debug|x86
		{270DC99F-0C95-437D-A4B7-D1B34AC9D83E}.Debug|x86.Build.0 = Debug|x86
		{270DC99F-0C95-437D-A4B7-D1B34AC9D83E}.Release|Any CPU.ActiveCfg = Release|Any CPU
		{270DC99F-0C95-437D-A4B7-D1B34AC9D83E}.Release|Any CPU.Build.0 = Release|Any CPU
		{270DC99F-0C95-437D-A4B7-D1B34AC9D83E}.Release|ARM.ActiveCfg = Release|ARM
		{270DC99F-0C95-437D-A4B7-D1B34AC9D83E}.Release|ARM.Build.0 = Release|ARM
		{270DC99F-0C95-437D-A4B7-D1B34AC9D83E}.Release|x64.ActiveCfg = Release|x64
		{270DC99F-0C95-437D-A4B7-D1B34AC9D83E}.Release|x64.Build.0 = Release|x64
		{270DC99F-0C95-437D-A4B7-D1B34AC9D83E}.Release|x86.ActiveCfg = Release|x86
		{270DC99F-0C95-437D-A4B7-D1B34AC9D83E}.Release|x86.Build.0 = Release|x86
	EndGlobalSection
	GlobalSection(SolutionProperties) = preSolution
		HideSolutionNode = FALSE
	EndGlobalSection
	GlobalSection(ExtensibilityGlobals) = postSolution
		SolutionGuid = {010822A5-C46E-4EF2-B4DF-F84B05F50FB5}
	EndGlobalSection
EndGlobal
